dependencies:
  idf:
    source:
      type: idf
    version: 5.3.3
  joltwallet/littlefs:
    component_hash: e1dbe782be5aa58e879fe9f22bee60e5ff68acbfe3793d92a2e730c27374c787
    dependencies:
    - name: idf
      require: private
      version: '>=5.0'
    source:
      registry_url: https://components.espressif.com/
      type: service
    version: 1.19.2
direct_dependencies:
- joltwallet/littlefs
manifest_hash: f6dfc8ed671c48a8a438643c0530197f4d770836f14d0c537e40f4bef8e0e067
target: esp32
version: 2.0.0
